
Microsoft Visual Studio Solution File, Format Version 12.00
# Visual Studio 14
VisualStudioVersion = 14.0.24720.0
MinimumVisualStudioVersion = 10.0.40219.1
Project("{FAE04EC0-301F-11D3-BF4B-00C04F79EFBC}") = "NDC.Reminders.Droid", "NDC.Reminders\NDC.Reminders.Droid\NDC.Reminders.Droid.csproj", "{68042D35-BA8F-4547-974A-D273444DC326}"
EndProject
Project("{FAE04EC0-301F-11D3-BF4B-00C04F79EFBC}") = "NDC.Reminders.iOS", "NDC.Reminders\NDC.Reminders.iOS\NDC.Reminders.iOS.csproj", "{A8FE5B4D-33A8-4D5A-B860-1B67AC3DC90C}"
EndProject
Project("{FAE04EC0-301F-11D3-BF4B-00C04F79EFBC}") = "NDC.Reminders.UWP", "NDC.Reminders\NDC.Reminders.UWP\NDC.Reminders.UWP.csproj", "{4C5E99A1-06DE-4AEC-BD35-2335B8B9BF7C}"
EndProject
Project("{D954291E-2A0B-460D-934E-DC6B0785DB48}") = "NDC.Reminders", "NDC.Reminders\NDC.Reminders\NDC.Reminders.shproj", "{AD288F62-ADCB-4C60-97A1-F54226509FFB}"
EndProject
Global
	GlobalSection(SharedMSBuildProjectFiles) = preSolution
		NDC.Reminders\NDC.Reminders\NDC.Reminders.projitems*{a8fe5b4d-33a8-4d5a-b860-1b67ac3dc90c}*SharedItemsImports = 4
		NDC.Reminders\NDC.Reminders\NDC.Reminders.projitems*{ad288f62-adcb-4c60-97a1-f54226509ffb}*SharedItemsImports = 13
		NDC.Reminders\NDC.Reminders\NDC.Reminders.projitems*{68042d35-ba8f-4547-974a-d273444dc326}*SharedItemsImports = 4
		NDC.Reminders\NDC.Reminders\NDC.Reminders.projitems*{4c5e99a1-06de-4aec-bd35-2335b8b9bf7c}*SharedItemsImports = 4
	EndGlobalSection
	GlobalSection(SolutionConfigurationPlatforms) = preSolution
		Ad-Hoc|Any CPU = Ad-Hoc|Any CPU
		Ad-Hoc|ARM = Ad-Hoc|ARM
		Ad-Hoc|iPhone = Ad-Hoc|iPhone
		Ad-Hoc|iPhoneSimulator = Ad-Hoc|iPhoneSimulator
		Ad-Hoc|x64 = Ad-Hoc|x64
		Ad-Hoc|x86 = Ad-Hoc|x86
		AppStore|Any CPU = AppStore|Any CPU
		AppStore|ARM = AppStore|ARM
		AppStore|iPhone = AppStore|iPhone
		AppStore|iPhoneSimulator = AppStore|iPhoneSimulator
		AppStore|x64 = AppStore|x64
		AppStore|x86 = AppStore|x86
		Debug|Any CPU = Debug|Any CPU
		Debug|ARM = Debug|ARM
		Debug|iPhone = Debug|iPhone
		Debug|iPhoneSimulator = Debug|iPhoneSimulator
		Debug|x64 = Debug|x64
		Debug|x86 = Debug|x86
		Release|Any CPU = Release|Any CPU
		Release|ARM = Release|ARM
		Release|iPhone = Release|iPhone
		Release|iPhoneSimulator = Release|iPhoneSimulator
		Release|x64 = Release|x64
		Release|x86 = Release|x86
	EndGlobalSection
	GlobalSection(ProjectConfigurationPlatforms) = postSolution
		{68042D35-BA8F-4547-974A-D273444DC326}.Ad-Hoc|Any CPU.ActiveCfg = Release|Any CPU
		{68042D35-BA8F-4547-974A-D273444DC326}.Ad-Hoc|Any CPU.Build.0 = Release|Any CPU
		{68042D35-BA8F-4547-974A-D273444DC326}.Ad-Hoc|Any CPU.Deploy.0 = Release|Any CPU
		{68042D35-BA8F-4547-974A-D273444DC326}.Ad-Hoc|ARM.ActiveCfg = Release|Any CPU
		{68042D35-BA8F-4547-974A-D273444DC326}.Ad-Hoc|ARM.Build.0 = Release|Any CPU
		{68042D35-BA8F-4547-974A-D273444DC326}.Ad-Hoc|ARM.Deploy.0 = Release|Any CPU
		{68042D35-BA8F-4547-974A-D273444DC326}.Ad-Hoc|iPhone.ActiveCfg = Release|Any CPU
		{68042D35-BA8F-4547-974A-D273444DC326}.Ad-Hoc|iPhone.Build.0 = Release|Any CPU
		{68042D35-BA8F-4547-974A-D273444DC326}.Ad-Hoc|iPhone.Deploy.0 = Release|Any CPU
		{68042D35-BA8F-4547-974A-D273444DC326}.Ad-Hoc|iPhoneSimulator.ActiveCfg = Release|Any CPU
		{68042D35-BA8F-4547-974A-D273444DC326}.Ad-Hoc|iPhoneSimulator.Build.0 = Release|Any CPU
		{68042D35-BA8F-4547-974A-D273444DC326}.Ad-Hoc|iPhoneSimulator.Deploy.0 = Release|Any CPU
		{68042D35-BA8F-4547-974A-D273444DC326}.Ad-Hoc|x64.ActiveCfg = Release|Any CPU
		{68042D35-BA8F-4547-974A-D273444DC326}.Ad-Hoc|x64.Build.0 = Release|Any CPU
		{68042D35-BA8F-4547-974A-D273444DC326}.Ad-Hoc|x64.Deploy.0 = Release|Any CPU
		{68042D35-BA8F-4547-974A-D273444DC326}.Ad-Hoc|x86.ActiveCfg = Release|Any CPU
		{68042D35-BA8F-4547-974A-D273444DC326}.Ad-Hoc|x86.Build.0 = Release|Any CPU
		{68042D35-BA8F-4547-974A-D273444DC326}.Ad-Hoc|x86.Deploy.0 = Release|Any CPU
		{68042D35-BA8F-4547-974A-D273444DC326}.AppStore|Any CPU.ActiveCfg = Release|Any CPU
		{68042D35-BA8F-4547-974A-D273444DC326}.AppStore|Any CPU.Build.0 = Release|Any CPU
		{68042D35-BA8F-4547-974A-D273444DC326}.AppStore|Any CPU.Deploy.0 = Release|Any CPU
		{68042D35-BA8F-4547-974A-D273444DC326}.AppStore|ARM.ActiveCfg = Release|Any CPU
		{68042D35-BA8F-4547-974A-D273444DC326}.AppStore|ARM.Build.0 = Release|Any CPU
		{68042D35-BA8F-4547-974A-D273444DC326}.AppStore|ARM.Deploy.0 = Release|Any CPU
		{68042D35-BA8F-4547-974A-D273444DC326}.AppStore|iPhone.ActiveCfg = Release|Any CPU
		{68042D35-BA8F-4547-974A-D273444DC326}.AppStore|iPhone.Build.0 = Release|Any CPU
		{68042D35-BA8F-4547-974A-D273444DC326}.AppStore|iPhone.Deploy.0 = Release|Any CPU
		{68042D35-BA8F-4547-974A-D273444DC326}.AppStore|iPhoneSimulator.ActiveCfg = Release|Any CPU
		{68042D35-BA8F-4547-974A-D273444DC326}.AppStore|iPhoneSimulator.Build.0 = Release|Any CPU
		{68042D35-BA8F-4547-974A-D273444DC326}.AppStore|iPhoneSimulator.Deploy.0 = Release|Any CPU
		{68042D35-BA8F-4547-974A-D273444DC326}.AppStore|x64.ActiveCfg = Release|Any CPU
		{68042D35-BA8F-4547-974A-D273444DC326}.AppStore|x64.Build.0 = Release|Any CPU
		{68042D35-BA8F-4547-974A-D273444DC326}.AppStore|x64.Deploy.0 = Release|Any CPU
		{68042D35-BA8F-4547-974A-D273444DC326}.AppStore|x86.ActiveCfg = Release|Any CPU
		{68042D35-BA8F-4547-974A-D273444DC326}.AppStore|x86.Build.0 = Release|Any CPU
		{68042D35-BA8F-4547-974A-D273444DC326}.AppStore|x86.Deploy.0 = Release|Any CPU
		{68042D35-BA8F-4547-974A-D273444DC326}.Debug|Any CPU.ActiveCfg = Debug|Any CPU
		{68042D35-BA8F-4547-974A-D273444DC326}.Debug|Any CPU.Build.0 = Debug|Any CPU
		{68042D35-BA8F-4547-974A-D273444DC326}.Debug|Any CPU.Deploy.0 = Debug|Any CPU
		{68042D35-BA8F-4547-974A-D273444DC326}.Debug|ARM.ActiveCfg = Debug|Any CPU
		{68042D35-BA8F-4547-974A-D273444DC326}.Debug|ARM.Build.0 = Debug|Any CPU
		{68042D35-BA8F-4547-974A-D273444DC326}.Debug|ARM.Deploy.0 = Debug|Any CPU
		{68042D35-BA8F-4547-974A-D273444DC326}.Debug|iPhone.ActiveCfg = Debug|Any CPU
		{68042D35-BA8F-4547-974A-D273444DC326}.Debug|iPhone.Build.0 = Debug|Any CPU
		{68042D35-BA8F-4547-974A-D273444DC326}.Debug|iPhone.Deploy.0 = Debug|Any CPU
		{68042D35-BA8F-4547-974A-D273444DC326}.Debug|iPhoneSimulator.ActiveCfg = Debug|Any CPU
		{68042D35-BA8F-4547-974A-D273444DC326}.Debug|iPhoneSimulator.Build.0 = Debug|Any CPU
		{68042D35-BA8F-4547-974A-D273444DC326}.Debug|iPhoneSimulator.Deploy.0 = Debug|Any CPU
		{68042D35-BA8F-4547-974A-D273444DC326}.Debug|x64.ActiveCfg = Debug|Any CPU
		{68042D35-BA8F-4547-974A-D273444DC326}.Debug|x64.Build.0 = Debug|Any CPU
		{68042D35-BA8F-4547-974A-D273444DC326}.Debug|x64.Deploy.0 = Debug|Any CPU
		{68042D35-BA8F-4547-974A-D273444DC326}.Debug|x86.ActiveCfg = Debug|Any CPU
		{68042D35-BA8F-4547-974A-D273444DC326}.Debug|x86.Build.0 = Debug|Any CPU
		{68042D35-BA8F-4547-974A-D273444DC326}.Debug|x86.Deploy.0 = Debug|Any CPU
		{68042D35-BA8F-4547-974A-D273444DC326}.Release|Any CPU.ActiveCfg = Release|Any CPU
		{68042D35-BA8F-4547-974A-D273444DC326}.Release|Any CPU.Build.0 = Release|Any CPU
		{68042D35-BA8F-4547-974A-D273444DC326}.Release|Any CPU.Deploy.0 = Release|Any CPU
		{68042D35-BA8F-4547-974A-D273444DC326}.Release|ARM.ActiveCfg = Release|Any CPU
		{68042D35-BA8F-4547-974A-D273444DC326}.Release|ARM.Build.0 = Release|Any CPU
		{68042D35-BA8F-4547-974A-D273444DC326}.Release|ARM.Deploy.0 = Release|Any CPU
		{68042D35-BA8F-4547-974A-D273444DC326}.Release|iPhone.ActiveCfg = Release|Any CPU
		{68042D35-BA8F-4547-974A-D273444DC326}.Release|iPhone.Build.0 = Release|Any CPU
		{68042D35-BA8F-4547-974A-D273444DC326}.Release|iPhone.Deploy.0 = Release|Any CPU
		{68042D35-BA8F-4547-974A-D273444DC326}.Release|iPhoneSimulator.ActiveCfg = Release|Any CPU
		{68042D35-BA8F-4547-974A-D273444DC326}.Release|iPhoneSimulator.Build.0 = Release|Any CPU
		{68042D35-BA8F-4547-974A-D273444DC326}.Release|iPhoneSimulator.Deploy.0 = Release|Any CPU
		{68042D35-BA8F-4547-974A-D273444DC326}.Release|x64.ActiveCfg = Release|Any CPU
		{68042D35-BA8F-4547-974A-D273444DC326}.Release|x64.Build.0 = Release|Any CPU
		{68042D35-BA8F-4547-974A-D273444DC326}.Release|x64.Deploy.0 = Release|Any CPU
		{68042D35-BA8F-4547-974A-D273444DC326}.Release|x86.ActiveCfg = Release|Any CPU
		{68042D35-BA8F-4547-974A-D273444DC326}.Release|x86.Build.0 = Release|Any CPU
		{68042D35-BA8F-4547-974A-D273444DC326}.Release|x86.Deploy.0 = Release|Any CPU
		{A8FE5B4D-33A8-4D5A-B860-1B67AC3DC90C}.Ad-Hoc|Any CPU.ActiveCfg = Ad-Hoc|iPhone
		{A8FE5B4D-33A8-4D5A-B860-1B67AC3DC90C}.Ad-Hoc|ARM.ActiveCfg = Ad-Hoc|iPhone
		{A8FE5B4D-33A8-4D5A-B860-1B67AC3DC90C}.Ad-Hoc|iPhone.ActiveCfg = Ad-Hoc|iPhone
		{A8FE5B4D-33A8-4D5A-B860-1B67AC3DC90C}.Ad-Hoc|iPhone.Build.0 = Ad-Hoc|iPhone
		{A8FE5B4D-33A8-4D5A-B860-1B67AC3DC90C}.Ad-Hoc|iPhoneSimulator.ActiveCfg = Ad-Hoc|iPhoneSimulator
		{A8FE5B4D-33A8-4D5A-B860-1B67AC3DC90C}.Ad-Hoc|iPhoneSimulator.Build.0 = Ad-Hoc|iPhoneSimulator
		{A8FE5B4D-33A8-4D5A-B860-1B67AC3DC90C}.Ad-Hoc|x64.ActiveCfg = Ad-Hoc|iPhone
		{A8FE5B4D-33A8-4D5A-B860-1B67AC3DC90C}.Ad-Hoc|x86.ActiveCfg = Ad-Hoc|iPhone
		{A8FE5B4D-33A8-4D5A-B860-1B67AC3DC90C}.AppStore|Any CPU.ActiveCfg = AppStore|iPhone
		{A8FE5B4D-33A8-4D5A-B860-1B67AC3DC90C}.AppStore|ARM.ActiveCfg = AppStore|iPhone
		{A8FE5B4D-33A8-4D5A-B860-1B67AC3DC90C}.AppStore|iPhone.ActiveCfg = AppStore|iPhone
		{A8FE5B4D-33A8-4D5A-B860-1B67AC3DC90C}.AppStore|iPhone.Build.0 = AppStore|iPhone
		{A8FE5B4D-33A8-4D5A-B860-1B67AC3DC90C}.AppStore|iPhoneSimulator.ActiveCfg = AppStore|iPhoneSimulator
		{A8FE5B4D-33A8-4D5A-B860-1B67AC3DC90C}.AppStore|iPhoneSimulator.Build.0 = AppStore|iPhoneSimulator
		{A8FE5B4D-33A8-4D5A-B860-1B67AC3DC90C}.AppStore|x64.ActiveCfg = AppStore|iPhone
		{A8FE5B4D-33A8-4D5A-B860-1B67AC3DC90C}.AppStore|x86.ActiveCfg = AppStore|iPhone
		{A8FE5B4D-33A8-4D5A-B860-1B67AC3DC90C}.Debug|Any CPU.ActiveCfg = Debug|iPhone
		{A8FE5B4D-33A8-4D5A-B860-1B67AC3DC90C}.Debug|ARM.ActiveCfg = Debug|iPhone
		{A8FE5B4D-33A8-4D5A-B860-1B67AC3DC90C}.Debug|iPhone.ActiveCfg = Debug|iPhone
		{A8FE5B4D-33A8-4D5A-B860-1B67AC3DC90C}.Debug|iPhone.Build.0 = Debug|iPhone
		{A8FE5B4D-33A8-4D5A-B860-1B67AC3DC90C}.Debug|iPhoneSimulator.ActiveCfg = Debug|iPhoneSimulator
		{A8FE5B4D-33A8-4D5A-B860-1B67AC3DC90C}.Debug|iPhoneSimulator.Build.0 = Debug|iPhoneSimulator
		{A8FE5B4D-33A8-4D5A-B860-1B67AC3DC90C}.Debug|x64.ActiveCfg = Debug|iPhone
		{A8FE5B4D-33A8-4D5A-B860-1B67AC3DC90C}.Debug|x86.ActiveCfg = Debug|iPhone
		{A8FE5B4D-33A8-4D5A-B860-1B67AC3DC90C}.Release|Any CPU.ActiveCfg = Release|iPhone
		{A8FE5B4D-33A8-4D5A-B860-1B67AC3DC90C}.Release|ARM.ActiveCfg = Release|iPhone
		{A8FE5B4D-33A8-4D5A-B860-1B67AC3DC90C}.Release|iPhone.ActiveCfg = Release|iPhone
		{A8FE5B4D-33A8-4D5A-B860-1B67AC3DC90C}.Release|iPhone.Build.0 = Release|iPhone
		{A8FE5B4D-33A8-4D5A-B860-1B67AC3DC90C}.Release|iPhoneSimulator.ActiveCfg = Release|iPhoneSimulator
		{A8FE5B4D-33A8-4D5A-B860-1B67AC3DC90C}.Release|iPhoneSimulator.Build.0 = Release|iPhoneSimulator
		{A8FE5B4D-33A8-4D5A-B860-1B67AC3DC90C}.Release|x64.ActiveCfg = Release|iPhone
		{A8FE5B4D-33A8-4D5A-B860-1B67AC3DC90C}.Release|x86.ActiveCfg = Release|iPhone
		{4C5E99A1-06DE-4AEC-BD35-2335B8B9BF7C}.Ad-Hoc|Any CPU.ActiveCfg = Release|x86
		{4C5E99A1-06DE-4AEC-BD35-2335B8B9BF7C}.Ad-Hoc|Any CPU.Build.0 = Release|x86
		{4C5E99A1-06DE-4AEC-BD35-2335B8B9BF7C}.Ad-Hoc|Any CPU.Deploy.0 = Release|x86
		{4C5E99A1-06DE-4AEC-BD35-2335B8B9BF7C}.Ad-Hoc|ARM.ActiveCfg = Release|ARM
		{4C5E99A1-06DE-4AEC-BD35-2335B8B9BF7C}.Ad-Hoc|ARM.Build.0 = Release|ARM
		{4C5E99A1-06DE-4AEC-BD35-2335B8B9BF7C}.Ad-Hoc|ARM.Deploy.0 = Release|ARM
		{4C5E99A1-06DE-4AEC-BD35-2335B8B9BF7C}.Ad-Hoc|iPhone.ActiveCfg = Release|x86
		{4C5E99A1-06DE-4AEC-BD35-2335B8B9BF7C}.Ad-Hoc|iPhone.Build.0 = Release|x86
		{4C5E99A1-06DE-4AEC-BD35-2335B8B9BF7C}.Ad-Hoc|iPhone.Deploy.0 = Release|x86
		{4C5E99A1-06DE-4AEC-BD35-2335B8B9BF7C}.Ad-Hoc|iPhoneSimulator.ActiveCfg = Release|x86
		{4C5E99A1-06DE-4AEC-BD35-2335B8B9BF7C}.Ad-Hoc|iPhoneSimulator.Build.0 = Release|x86
		{4C5E99A1-06DE-4AEC-BD35-2335B8B9BF7C}.Ad-Hoc|iPhoneSimulator.Deploy.0 = Release|x86
		{4C5E99A1-06DE-4AEC-BD35-2335B8B9BF7C}.Ad-Hoc|x64.ActiveCfg = Release|x64
		{4C5E99A1-06DE-4AEC-BD35-2335B8B9BF7C}.Ad-Hoc|x64.Build.0 = Release|x64
		{4C5E99A1-06DE-4AEC-BD35-2335B8B9BF7C}.Ad-Hoc|x64.Deploy.0 = Release|x64
		{4C5E99A1-06DE-4AEC-BD35-2335B8B9BF7C}.Ad-Hoc|x86.ActiveCfg = Release|x86
		{4C5E99A1-06DE-4AEC-BD35-2335B8B9BF7C}.Ad-Hoc|x86.Build.0 = Release|x86
		{4C5E99A1-06DE-4AEC-BD35-2335B8B9BF7C}.Ad-Hoc|x86.Deploy.0 = Release|x86
		{4C5E99A1-06DE-4AEC-BD35-2335B8B9BF7C}.AppStore|Any CPU.ActiveCfg = Release|x86
		{4C5E99A1-06DE-4AEC-BD35-2335B8B9BF7C}.AppStore|Any CPU.Build.0 = Release|x86
		{4C5E99A1-06DE-4AEC-BD35-2335B8B9BF7C}.AppStore|Any CPU.Deploy.0 = Release|x86
		{4C5E99A1-06DE-4AEC-BD35-2335B8B9BF7C}.AppStore|ARM.ActiveCfg = Release|ARM
		{4C5E99A1-06DE-4AEC-BD35-2335B8B9BF7C}.AppStore|ARM.Build.0 = Release|ARM
		{4C5E99A1-06DE-4AEC-BD35-2335B8B9BF7C}.AppStore|ARM.Deploy.0 = Release|ARM
		{4C5E99A1-06DE-4AEC-BD35-2335B8B9BF7C}.AppStore|iPhone.ActiveCfg = Release|x86
		{4C5E99A1-06DE-4AEC-BD35-2335B8B9BF7C}.AppStore|iPhone.Build.0 = Release|x86
		{4C5E99A1-06DE-4AEC-BD35-2335B8B9BF7C}.AppStore|iPhone.Deploy.0 = Release|x86
		{4C5E99A1-06DE-4AEC-BD35-2335B8B9BF7C}.AppStore|iPhoneSimulator.ActiveCfg = Release|x86
		{4C5E99A1-06DE-4AEC-BD35-2335B8B9BF7C}.AppStore|iPhoneSimulator.Build.0 = Release|x86
		{4C5E99A1-06DE-4AEC-BD35-2335B8B9BF7C}.AppStore|iPhoneSimulator.Deploy.0 = Release|x86
		{4C5E99A1-06DE-4AEC-BD35-2335B8B9BF7C}.AppStore|x64.ActiveCfg = Release|x64
		{4C5E99A1-06DE-4AEC-BD35-2335B8B9BF7C}.AppStore|x64.Build.0 = Release|x64
		{4C5E99A1-06DE-4AEC-BD35-2335B8B9BF7C}.AppStore|x64.Deploy.0 = Release|x64
		{4C5E99A1-06DE-4AEC-BD35-2335B8B9BF7C}.AppStore|x86.ActiveCfg = Release|x86
		{4C5E99A1-06DE-4AEC-BD35-2335B8B9BF7C}.AppStore|x86.Build.0 = Release|x86
		{4C5E99A1-06DE-4AEC-BD35-2335B8B9BF7C}.AppStore|x86.Deploy.0 = Release|x86
		{4C5E99A1-06DE-4AEC-BD35-2335B8B9BF7C}.Debug|Any CPU.ActiveCfg = Debug|x86
		{4C5E99A1-06DE-4AEC-BD35-2335B8B9BF7C}.Debug|ARM.ActiveCfg = Debug|ARM
		{4C5E99A1-06DE-4AEC-BD35-2335B8B9BF7C}.Debug|ARM.Build.0 = Debug|ARM
		{4C5E99A1-06DE-4AEC-BD35-2335B8B9BF7C}.Debug|ARM.Deploy.0 = Debug|ARM
		{4C5E99A1-06DE-4AEC-BD35-2335B8B9BF7C}.Debug|iPhone.ActiveCfg = Debug|x86
		{4C5E99A1-06DE-4AEC-BD35-2335B8B9BF7C}.Debug|iPhoneSimulator.ActiveCfg = Debug|x86
		{4C5E99A1-06DE-4AEC-BD35-2335B8B9BF7C}.Debug|iPhoneSimulator.Build.0 = Debug|x86
		{4C5E99A1-06DE-4AEC-BD35-2335B8B9BF7C}.Debug|iPhoneSimulator.Deploy.0 = Debug|x86
		{4C5E99A1-06DE-4AEC-BD35-2335B8B9BF7C}.Debug|x64.ActiveCfg = Debug|x64
		{4C5E99A1-06DE-4AEC-BD35-2335B8B9BF7C}.Debug|x64.Build.0 = Debug|x64
		{4C5E99A1-06DE-4AEC-BD35-2335B8B9BF7C}.Debug|x64.Deploy.0 = Debug|x64
		{4C5E99A1-06DE-4AEC-BD35-2335B8B9BF7C}.Debug|x86.ActiveCfg = Debug|x86
		{4C5E99A1-06DE-4AEC-BD35-2335B8B9BF7C}.Debug|x86.Build.0 = Debug|x86
		{4C5E99A1-06DE-4AEC-BD35-2335B8B9BF7C}.Debug|x86.Deploy.0 = Debug|x86
		{4C5E99A1-06DE-4AEC-BD35-2335B8B9BF7C}.Release|Any CPU.ActiveCfg = Release|x86
		{4C5E99A1-06DE-4AEC-BD35-2335B8B9BF7C}.Release|ARM.ActiveCfg = Release|ARM
		{4C5E99A1-06DE-4AEC-BD35-2335B8B9BF7C}.Release|ARM.Build.0 = Release|ARM
		{4C5E99A1-06DE-4AEC-BD35-2335B8B9BF7C}.Release|ARM.Deploy.0 = Release|ARM
		{4C5E99A1-06DE-4AEC-BD35-2335B8B9BF7C}.Release|iPhone.ActiveCfg = Release|x86
		{4C5E99A1-06DE-4AEC-BD35-2335B8B9BF7C}.Release|iPhoneSimulator.ActiveCfg = Release|x86
		{4C5E99A1-06DE-4AEC-BD35-2335B8B9BF7C}.Release|x64.ActiveCfg = Release|x64
		{4C5E99A1-06DE-4AEC-BD35-2335B8B9BF7C}.Release|x64.Build.0 = Release|x64
		{4C5E99A1-06DE-4AEC-BD35-2335B8B9BF7C}.Release|x64.Deploy.0 = Release|x64
		{4C5E99A1-06DE-4AEC-BD35-2335B8B9BF7C}.Release|x86.ActiveCfg = Release|x86
		{4C5E99A1-06DE-4AEC-BD35-2335B8B9BF7C}.Release|x86.Build.0 = Release|x86
		{4C5E99A1-06DE-4AEC-BD35-2335B8B9BF7C}.Release|x86.Deploy.0 = Release|x86
	EndGlobalSection
	GlobalSection(SolutionProperties) = preSolution
		HideSolutionNode = FALSE
	EndGlobalSection
EndGlobal
